// !$*UTF8*$!
{
	archiveVersion = 1;
	classes = {
	};
	objectVersion = 56;
	objects = {

/* Begin PBXBuildFile section */
		16040F172BCD636400F5B1A6 /* CleanSwiftPresenter.swift in Sources */ = {isa = PBXBuildFile; fileRef = 16040F112BCD636300F5B1A6 /* CleanSwiftPresenter.swift */; };
		16040F182BCD636400F5B1A6 /* CleanSwiftWorker.swift in Sources */ = {isa = PBXBuildFile; fileRef = 16040F122BCD636300F5B1A6 /* CleanSwiftWorker.swift */; };
		16040F192BCD636400F5B1A6 /* CleanSwiftRouter.swift in Sources */ = {isa = PBXBuildFile; fileRef = 16040F132BCD636300F5B1A6 /* CleanSwiftRouter.swift */; };
		16040F1A2BCD636400F5B1A6 /* CleanSwiftModels.swift in Sources */ = {isa = PBXBuildFile; fileRef = 16040F142BCD636300F5B1A6 /* CleanSwiftModels.swift */; };
		16040F1B2BCD636400F5B1A6 /* CleanSwiftViewController.swift in Sources */ = {isa = PBXBuildFile; fileRef = 16040F152BCD636300F5B1A6 /* CleanSwiftViewController.swift */; };
		16040F1C2BCD636400F5B1A6 /* CleanSwiftInteractor.swift in Sources */ = {isa = PBXBuildFile; fileRef = 16040F162BCD636300F5B1A6 /* CleanSwiftInteractor.swift */; };
		16040F202BCE303A00F5B1A6 /* API.swift in Sources */ = {isa = PBXBuildFile; fileRef = 16040F1F2BCE303A00F5B1A6 /* API.swift */; };
		16040F232BCE307300F5B1A6 /* Network.swift in Sources */ = {isa = PBXBuildFile; fileRef = 16040F222BCE307300F5B1A6 /* Network.swift */; };
		16040F262BCE515F00F5B1A6 /* MainTableViewCell.swift in Sources */ = {isa = PBXBuildFile; fileRef = 16040F252BCE515F00F5B1A6 /* MainTableViewCell.swift */; };
		16040F2E2BCE672F00F5B1A6 /* DetailedPresenter.swift in Sources */ = {isa = PBXBuildFile; fileRef = 16040F282BCE672F00F5B1A6 /* DetailedPresenter.swift */; };
		16040F2F2BCE672F00F5B1A6 /* DetailedWorker.swift in Sources */ = {isa = PBXBuildFile; fileRef = 16040F292BCE672F00F5B1A6 /* DetailedWorker.swift */; };
		16040F302BCE672F00F5B1A6 /* DetailedRouter.swift in Sources */ = {isa = PBXBuildFile; fileRef = 16040F2A2BCE672F00F5B1A6 /* DetailedRouter.swift */; };
		16040F312BCE672F00F5B1A6 /* DetailedModels.swift in Sources */ = {isa = PBXBuildFile; fileRef = 16040F2B2BCE672F00F5B1A6 /* DetailedModels.swift */; };
		16040F322BCE672F00F5B1A6 /* DetailedViewController.swift in Sources */ = {isa = PBXBuildFile; fileRef = 16040F2C2BCE672F00F5B1A6 /* DetailedViewController.swift */; };
		16040F332BCE672F00F5B1A6 /* DetailedInteractor.swift in Sources */ = {isa = PBXBuildFile; fileRef = 16040F2D2BCE672F00F5B1A6 /* DetailedInteractor.swift */; };
		16040F362BCF9F9E00F5B1A6 /* MVVMModel.swift in Sources */ = {isa = PBXBuildFile; fileRef = 16040F352BCF9F9E00F5B1A6 /* MVVMModel.swift */; };
		16040F392BCF9FCF00F5B1A6 /* MVVMViewController.swift in Sources */ = {isa = PBXBuildFile; fileRef = 16040F382BCF9FCF00F5B1A6 /* MVVMViewController.swift */; };
		16040F3B2BCFA83700F5B1A6 /* MVVMViewModel.swift in Sources */ = {isa = PBXBuildFile; fileRef = 16040F3A2BCFA83700F5B1A6 /* MVVMViewModel.swift */; };
		161C2A5E2BC5C61F00CF0686 /* AppDelegate.swift in Sources */ = {isa = PBXBuildFile; fileRef = 161C2A5D2BC5C61F00CF0686 /* AppDelegate.swift */; };
		161C2A602BC5C62000CF0686 /* SceneDelegate.swift in Sources */ = {isa = PBXBuildFile; fileRef = 161C2A5F2BC5C62000CF0686 /* SceneDelegate.swift */; };
		161C2A622BC5C62000CF0686 /* ViewController.swift in Sources */ = {isa = PBXBuildFile; fileRef = 161C2A612BC5C62000CF0686 /* ViewController.swift */; };
		161C2A672BC5C62200CF0686 /* Assets.xcassets in Resources */ = {isa = PBXBuildFile; fileRef = 161C2A662BC5C62200CF0686 /* Assets.xcassets */; };
		161C2A6A2BC5C62200CF0686 /* Base in Resources */ = {isa = PBXBuildFile; fileRef = 161C2A692BC5C62200CF0686 /* Base */; };
		16FB9AB82BCD2E780062044A /* RxBlocking in Frameworks */ = {isa = PBXBuildFile; productRef = 16FB9AB72BCD2E780062044A /* RxBlocking */; };
		16FB9ABA2BCD2E780062044A /* RxBlocking-Dynamic in Frameworks */ = {isa = PBXBuildFile; productRef = 16FB9AB92BCD2E780062044A /* RxBlocking-Dynamic */; };
		16FB9ABC2BCD2E780062044A /* RxCocoa in Frameworks */ = {isa = PBXBuildFile; productRef = 16FB9ABB2BCD2E780062044A /* RxCocoa */; };
		16FB9ABE2BCD2E780062044A /* RxCocoa-Dynamic in Frameworks */ = {isa = PBXBuildFile; productRef = 16FB9ABD2BCD2E780062044A /* RxCocoa-Dynamic */; };
		16FB9AC02BCD2E780062044A /* RxRelay in Frameworks */ = {isa = PBXBuildFile; productRef = 16FB9ABF2BCD2E780062044A /* RxRelay */; };
		16FB9AC72BCD3D2D0062044A /* Interactor.swift in Sources */ = {isa = PBXBuildFile; fileRef = 16FB9AC62BCD3D2D0062044A /* Interactor.swift */; };
/* End PBXBuildFile section */

/* Begin PBXFileReference section */
		16040F112BCD636300F5B1A6 /* CleanSwiftPresenter.swift */ = {isa = PBXFileReference; lastKnownFileType = sourcecode.swift; path = CleanSwiftPresenter.swift; sourceTree = "<group>"; };
		16040F122BCD636300F5B1A6 /* CleanSwiftWorker.swift */ = {isa = PBXFileReference; lastKnownFileType = sourcecode.swift; path = CleanSwiftWorker.swift; sourceTree = "<group>"; };
		16040F132BCD636300F5B1A6 /* CleanSwiftRouter.swift */ = {isa = PBXFileReference; lastKnownFileType = sourcecode.swift; path = CleanSwiftRouter.swift; sourceTree = "<group>"; };
		16040F142BCD636300F5B1A6 /* CleanSwiftModels.swift */ = {isa = PBXFileReference; lastKnownFileType = sourcecode.swift; path = CleanSwiftModels.swift; sourceTree = "<group>"; };
		16040F152BCD636300F5B1A6 /* CleanSwiftViewController.swift */ = {isa = PBXFileReference; lastKnownFileType = sourcecode.swift; path = CleanSwiftViewController.swift; sourceTree = "<group>"; };
		16040F162BCD636300F5B1A6 /* CleanSwiftInteractor.swift */ = {isa = PBXFileReference; lastKnownFileType = sourcecode.swift; path = CleanSwiftInteractor.swift; sourceTree = "<group>"; };
		16040F1F2BCE303A00F5B1A6 /* API.swift */ = {isa = PBXFileReference; lastKnownFileType = sourcecode.swift; path = API.swift; sourceTree = "<group>"; };
		16040F222BCE307300F5B1A6 /* Network.swift */ = {isa = PBXFileReference; lastKnownFileType = sourcecode.swift; path = Network.swift; sourceTree = "<group>"; };
		16040F252BCE515F00F5B1A6 /* MainTableViewCell.swift */ = {isa = PBXFileReference; lastKnownFileType = sourcecode.swift; path = MainTableViewCell.swift; sourceTree = "<group>"; };
		16040F282BCE672F00F5B1A6 /* DetailedPresenter.swift */ = {isa = PBXFileReference; lastKnownFileType = sourcecode.swift; path = DetailedPresenter.swift; sourceTree = "<group>"; };
		16040F292BCE672F00F5B1A6 /* DetailedWorker.swift */ = {isa = PBXFileReference; lastKnownFileType = sourcecode.swift; path = DetailedWorker.swift; sourceTree = "<group>"; };
		16040F2A2BCE672F00F5B1A6 /* DetailedRouter.swift */ = {isa = PBXFileReference; lastKnownFileType = sourcecode.swift; path = DetailedRouter.swift; sourceTree = "<group>"; };
		16040F2B2BCE672F00F5B1A6 /* DetailedModels.swift */ = {isa = PBXFileReference; lastKnownFileType = sourcecode.swift; path = DetailedModels.swift; sourceTree = "<group>"; };
		16040F2C2BCE672F00F5B1A6 /* DetailedViewController.swift */ = {isa = PBXFileReference; lastKnownFileType = sourcecode.swift; path = DetailedViewController.swift; sourceTree = "<group>"; };
		16040F2D2BCE672F00F5B1A6 /* DetailedInteractor.swift */ = {isa = PBXFileReference; lastKnownFileType = sourcecode.swift; path = DetailedInteractor.swift; sourceTree = "<group>"; };
		16040F352BCF9F9E00F5B1A6 /* MVVMModel.swift */ = {isa = PBXFileReference; lastKnownFileType = sourcecode.swift; path = MVVMModel.swift; sourceTree = "<group>"; };
		16040F382BCF9FCF00F5B1A6 /* MVVMViewController.swift */ = {isa = PBXFileReference; lastKnownFileType = sourcecode.swift; path = MVVMViewController.swift; sourceTree = "<group>"; };
		16040F3A2BCFA83700F5B1A6 /* MVVMViewModel.swift */ = {isa = PBXFileReference; lastKnownFileType = sourcecode.swift; path = MVVMViewModel.swift; sourceTree = "<group>"; };
		161C2A5A2BC5C61F00CF0686 /* RXSwiftVIPER.app */ = {isa = PBXFileReference; explicitFileType = wrapper.application; includeInIndex = 0; path = RXSwiftVIPER.app; sourceTree = BUILT_PRODUCTS_DIR; };
		161C2A5D2BC5C61F00CF0686 /* AppDelegate.swift */ = {isa = PBXFileReference; lastKnownFileType = sourcecode.swift; path = AppDelegate.swift; sourceTree = "<group>"; };
		161C2A5F2BC5C62000CF0686 /* SceneDelegate.swift */ = {isa = PBXFileReference; lastKnownFileType = sourcecode.swift; path = SceneDelegate.swift; sourceTree = "<group>"; };
		161C2A612BC5C62000CF0686 /* ViewController.swift */ = {isa = PBXFileReference; lastKnownFileType = sourcecode.swift; path = ViewController.swift; sourceTree = "<group>"; };
		161C2A662BC5C62200CF0686 /* Assets.xcassets */ = {isa = PBXFileReference; lastKnownFileType = folder.assetcatalog; path = Assets.xcassets; sourceTree = "<group>"; };
		161C2A692BC5C62200CF0686 /* Base */ = {isa = PBXFileReference; lastKnownFileType = file.storyboard; name = Base; path = Base.lproj/LaunchScreen.storyboard; sourceTree = "<group>"; };
		161C2A6B2BC5C62200CF0686 /* Info.plist */ = {isa = PBXFileReference; lastKnownFileType = text.plist.xml; path = Info.plist; sourceTree = "<group>"; };
		16FB9AC62BCD3D2D0062044A /* Interactor.swift */ = {isa = PBXFileReference; lastKnownFileType = sourcecode.swift; path = Interactor.swift; sourceTree = "<group>"; };
/* End PBXFileReference section */

/* Begin PBXFrameworksBuildPhase section */
		161C2A572BC5C61F00CF0686 /* Frameworks */ = {
			isa = PBXFrameworksBuildPhase;
			buildActionMask = 2147483647;
			files = (
				16FB9AC02BCD2E780062044A /* RxRelay in Frameworks */,
				16FB9ABE2BCD2E780062044A /* RxCocoa-Dynamic in Frameworks */,
				16FB9ABC2BCD2E780062044A /* RxCocoa in Frameworks */,
				16FB9AB82BCD2E780062044A /* RxBlocking in Frameworks */,
				16FB9ABA2BCD2E780062044A /* RxBlocking-Dynamic in Frameworks */,
			);
			runOnlyForDeploymentPostprocessing = 0;
		};
/* End PBXFrameworksBuildPhase section */

/* Begin PBXGroup section */
		16040F1D2BCD637700F5B1A6 /* Clean */ = {
			isa = PBXGroup;
			children = (
				16040F272BCE671700F5B1A6 /* Detail */,
				16040F1E2BCE302200F5B1A6 /* Network */,
				16040F112BCD636300F5B1A6 /* CleanSwiftPresenter.swift */,
				16040F122BCD636300F5B1A6 /* CleanSwiftWorker.swift */,
				16040F132BCD636300F5B1A6 /* CleanSwiftRouter.swift */,
				16040F142BCD636300F5B1A6 /* CleanSwiftModels.swift */,
				16040F152BCD636300F5B1A6 /* CleanSwiftViewController.swift */,
				16040F242BCE514B00F5B1A6 /* View */,
				16040F162BCD636300F5B1A6 /* CleanSwiftInteractor.swift */,
			);
			path = Clean;
			sourceTree = "<group>";
		};
		16040F1E2BCE302200F5B1A6 /* Network */ = {
			isa = PBXGroup;
			children = (
				16040F1F2BCE303A00F5B1A6 /* API.swift */,
				16040F222BCE307300F5B1A6 /* Network.swift */,
			);
			path = Network;
			sourceTree = "<group>";
		};
		16040F242BCE514B00F5B1A6 /* View */ = {
			isa = PBXGroup;
			children = (
				16040F252BCE515F00F5B1A6 /* MainTableViewCell.swift */,
			);
			path = View;
			sourceTree = "<group>";
		};
		16040F272BCE671700F5B1A6 /* Detail */ = {
			isa = PBXGroup;
			children = (
				16040F282BCE672F00F5B1A6 /* DetailedPresenter.swift */,
				16040F292BCE672F00F5B1A6 /* DetailedWorker.swift */,
				16040F2A2BCE672F00F5B1A6 /* DetailedRouter.swift */,
				16040F2B2BCE672F00F5B1A6 /* DetailedModels.swift */,
				16040F2C2BCE672F00F5B1A6 /* DetailedViewController.swift */,
				16040F2D2BCE672F00F5B1A6 /* DetailedInteractor.swift */,
			);
			path = Detail;
			sourceTree = "<group>";
		};
		16040F342BCF9F8800F5B1A6 /* MVVM */ = {
			isa = PBXGroup;
			children = (
				16040F352BCF9F9E00F5B1A6 /* MVVMModel.swift */,
				16040F382BCF9FCF00F5B1A6 /* MVVMViewController.swift */,
				16040F3A2BCFA83700F5B1A6 /* MVVMViewModel.swift */,
			);
			path = MVVM;
			sourceTree = "<group>";
		};
		161C2A512BC5C61F00CF0686 = {
			isa = PBXGroup;
			children = (
				161C2A5C2BC5C61F00CF0686 /* RXSwiftVIPER */,
				161C2A5B2BC5C61F00CF0686 /* Products */,
			);
			sourceTree = "<group>";
		};
		161C2A5B2BC5C61F00CF0686 /* Products */ = {
			isa = PBXGroup;
			children = (
				161C2A5A2BC5C61F00CF0686 /* RXSwiftVIPER.app */,
			);
			name = Products;
			sourceTree = "<group>";
		};
		161C2A5C2BC5C61F00CF0686 /* RXSwiftVIPER */ = {
			isa = PBXGroup;
			children = (
				161C2A5D2BC5C61F00CF0686 /* AppDelegate.swift */,
				161C2A5F2BC5C62000CF0686 /* SceneDelegate.swift */,
				16040F342BCF9F8800F5B1A6 /* MVVM */,
				16040F1D2BCD637700F5B1A6 /* Clean */,
				16FB9AC12BCD3BCC0062044A /* View */,
				16FB9AC22BCD3BD00062044A /* Interactor */,
				16FB9AC32BCD3BD50062044A /* Presenter */,
				16FB9AC42BCD3BE50062044A /* Entity */,
				16FB9AC52BCD3BEB0062044A /* Router */,
				161C2A662BC5C62200CF0686 /* Assets.xcassets */,
				161C2A682BC5C62200CF0686 /* LaunchScreen.storyboard */,
				161C2A6B2BC5C62200CF0686 /* Info.plist */,
			);
			path = RXSwiftVIPER;
			sourceTree = "<group>";
		};
		16FB9AC12BCD3BCC0062044A /* View */ = {
			isa = PBXGroup;
			children = (
				161C2A612BC5C62000CF0686 /* ViewController.swift */,
			);
			path = View;
			sourceTree = "<group>";
		};
		16FB9AC22BCD3BD00062044A /* Interactor */ = {
			isa = PBXGroup;
			children = (
				16FB9AC62BCD3D2D0062044A /* Interactor.swift */,
			);
			path = Interactor;
			sourceTree = "<group>";
		};
		16FB9AC32BCD3BD50062044A /* Presenter */ = {
			isa = PBXGroup;
			children = (
			);
			path = Presenter;
			sourceTree = "<group>";
		};
		16FB9AC42BCD3BE50062044A /* Entity */ = {
			isa = PBXGroup;
			children = (
			);
			path = Entity;
			sourceTree = "<group>";
		};
		16FB9AC52BCD3BEB0062044A /* Router */ = {
			isa = PBXGroup;
			children = (
			);
			path = Router;
			sourceTree = "<group>";
		};
/* End PBXGroup section */

/* Begin PBXNativeTarget section */
		161C2A592BC5C61F00CF0686 /* RXSwiftVIPER */ = {
			isa = PBXNativeTarget;
			buildConfigurationList = 161C2A6E2BC5C62200CF0686 /* Build configuration list for PBXNativeTarget "RXSwiftVIPER" */;
			buildPhases = (
				161C2A562BC5C61F00CF0686 /* Sources */,
				161C2A572BC5C61F00CF0686 /* Frameworks */,
				161C2A582BC5C61F00CF0686 /* Resources */,
			);
			buildRules = (
			);
			dependencies = (
			);
			name = RXSwiftVIPER;
			packageProductDependencies = (
				16FB9AB72BCD2E780062044A /* RxBlocking */,
				16FB9AB92BCD2E780062044A /* RxBlocking-Dynamic */,
				16FB9ABB2BCD2E780062044A /* RxCocoa */,
				16FB9ABD2BCD2E780062044A /* RxCocoa-Dynamic */,
				16FB9ABF2BCD2E780062044A /* RxRelay */,
			);
			productName = RXSwiftVIPER;
			productReference = 161C2A5A2BC5C61F00CF0686 /* RXSwiftVIPER.app */;
			productType = "com.apple.product-type.application";
		};
/* End PBXNativeTarget section */

/* Begin PBXProject section */
		161C2A522BC5C61F00CF0686 /* Project object */ = {
			isa = PBXProject;
			attributes = {
				BuildIndependentTargetsInParallel = 1;
				LastSwiftUpdateCheck = 1530;
				LastUpgradeCheck = 1530;
				TargetAttributes = {
					161C2A592BC5C61F00CF0686 = {
						CreatedOnToolsVersion = 15.3;
					};
				};
			};
			buildConfigurationList = 161C2A552BC5C61F00CF0686 /* Build configuration list for PBXProject "RXSwiftVIPER" */;
			compatibilityVersion = "Xcode 14.0";
			developmentRegion = en;
			hasScannedForEncodings = 0;
			knownRegions = (
				en,
				Base,
			);
			mainGroup = 161C2A512BC5C61F00CF0686;
			packageReferences = (
				16FB9AB62BCD2E780062044A /* XCRemoteSwiftPackageReference "RxSwift" */,
			);
			productRefGroup = 161C2A5B2BC5C61F00CF0686 /* Products */;
			projectDirPath = "";
			projectRoot = "";
			targets = (
				161C2A592BC5C61F00CF0686 /* RXSwiftVIPER */,
			);
		};
/* End PBXProject section */

/* Begin PBXResourcesBuildPhase section */
		161C2A582BC5C61F00CF0686 /* Resources */ = {
			isa = PBXResourcesBuildPhase;
			buildActionMask = 2147483647;
			files = (
				161C2A672BC5C62200CF0686 /* Assets.xcassets in Resources */,
				161C2A6A2BC5C62200CF0686 /* Base in Resources */,
			);
			runOnlyForDeploymentPostprocessing = 0;
		};
/* End PBXResourcesBuildPhase section */

/* Begin PBXSourcesBuildPhase section */
		161C2A562BC5C61F00CF0686 /* Sources */ = {
			isa = PBXSourcesBuildPhase;
			buildActionMask = 2147483647;
			files = (
				16040F262BCE515F00F5B1A6 /* MainTableViewCell.swift in Sources */,
				16040F202BCE303A00F5B1A6 /* API.swift in Sources */,
				16040F392BCF9FCF00F5B1A6 /* MVVMViewController.swift in Sources */,
				161C2A622BC5C62000CF0686 /* ViewController.swift in Sources */,
				16040F232BCE307300F5B1A6 /* Network.swift in Sources */,
				161C2A5E2BC5C61F00CF0686 /* AppDelegate.swift in Sources */,
				16040F172BCD636400F5B1A6 /* CleanSwiftPresenter.swift in Sources */,
				16040F182BCD636400F5B1A6 /* CleanSwiftWorker.swift in Sources */,
				16040F192BCD636400F5B1A6 /* CleanSwiftRouter.swift in Sources */,
				16040F1A2BCD636400F5B1A6 /* CleanSwiftModels.swift in Sources */,
				16040F1B2BCD636400F5B1A6 /* CleanSwiftViewController.swift in Sources */,
				16040F1C2BCD636400F5B1A6 /* CleanSwiftInteractor.swift in Sources */,
				16FB9AC72BCD3D2D0062044A /* Interactor.swift in Sources */,
				16040F2E2BCE672F00F5B1A6 /* DetailedPresenter.swift in Sources */,
				16040F2F2BCE672F00F5B1A6 /* DetailedWorker.swift in Sources */,
				16040F302BCE672F00F5B1A6 /* DetailedRouter.swift in Sources */,
				16040F312BCE672F00F5B1A6 /* DetailedModels.swift in Sources */,
				16040F322BCE672F00F5B1A6 /* DetailedViewController.swift in Sources */,
				16040F3B2BCFA83700F5B1A6 /* MVVMViewModel.swift in Sources */,
				16040F362BCF9F9E00F5B1A6 /* MVVMModel.swift in Sources */,
				16040F332BCE672F00F5B1A6 /* DetailedInteractor.swift in Sources */,
				161C2A602BC5C62000CF0686 /* SceneDelegate.swift in Sources */,
			);
			runOnlyForDeploymentPostprocessing = 0;
		};
/* End PBXSourcesBuildPhase section */

/* Begin PBXVariantGroup section */
		161C2A682BC5C62200CF0686 /* LaunchScreen.storyboard */ = {
			isa = PBXVariantGroup;
			children = (
				161C2A692BC5C62200CF0686 /* Base */,
			);
			name = LaunchScreen.storyboard;
			sourceTree = "<group>";
		};
/* End PBXVariantGroup section */

/* Begin XCBuildConfiguration section */
		161C2A6C2BC5C62200CF0686 /* Debug */ = {
			isa = XCBuildConfiguration;
			buildSettings = {
				ALWAYS_SEARCH_USER_PATHS = NO;
				ASSETCATALOG_COMPILER_GENERATE_SWIFT_ASSET_SYMBOL_EXTENSIONS = YES;
				CLANG_ANALYZER_NONNULL = YES;
				CLANG_ANALYZER_NUMBER_OBJECT_CONVERSION = YES_AGGRESSIVE;
				CLANG_CXX_LANGUAGE_STANDARD = "gnu++20";
				CLANG_ENABLE_MODULES = YES;
				CLANG_ENABLE_OBJC_ARC = YES;
				CLANG_ENABLE_OBJC_WEAK = YES;
				CLANG_WARN_BLOCK_CAPTURE_AUTORELEASING = YES;
				CLANG_WARN_BOOL_CONVERSION = YES;
				CLANG_WARN_COMMA = YES;
				CLANG_WARN_CONSTANT_CONVERSION = YES;
				CLANG_WARN_DEPRECATED_OBJC_IMPLEMENTATIONS = YES;
				CLANG_WARN_DIRECT_OBJC_ISA_USAGE = YES_ERROR;
				CLANG_WARN_DOCUMENTATION_COMMENTS = YES;
				CLANG_WARN_EMPTY_BODY = YES;
				CLANG_WARN_ENUM_CONVERSION = YES;
				CLANG_WARN_INFINITE_RECURSION = YES;
				CLANG_WARN_INT_CONVERSION = YES;
				CLANG_WARN_NON_LITERAL_NULL_CONVERSION = YES;
				CLANG_WARN_OBJC_IMPLICIT_RETAIN_SELF = YES;
				CLANG_WARN_OBJC_LITERAL_CONVERSION = YES;
				CLANG_WARN_OBJC_ROOT_CLASS = YES_ERROR;
				CLANG_WARN_QUOTED_INCLUDE_IN_FRAMEWORK_HEADER = YES;
				CLANG_WARN_RANGE_LOOP_ANALYSIS = YES;
				CLANG_WARN_STRICT_PROTOTYPES = YES;
				CLANG_WARN_SUSPICIOUS_MOVE = YES;
				CLANG_WARN_UNGUARDED_AVAILABILITY = YES_AGGRESSIVE;
				CLANG_WARN_UNREACHABLE_CODE = YES;
				CLANG_WARN__DUPLICATE_METHOD_MATCH = YES;
				COPY_PHASE_STRIP = NO;
				DEBUG_INFORMATION_FORMAT = dwarf;
				ENABLE_STRICT_OBJC_MSGSEND = YES;
				ENABLE_TESTABILITY = YES;
				ENABLE_USER_SCRIPT_SANDBOXING = YES;
				GCC_C_LANGUAGE_STANDARD = gnu17;
				GCC_DYNAMIC_NO_PIC = NO;
				GCC_NO_COMMON_BLOCKS = YES;
				GCC_OPTIMIZATION_LEVEL = 0;
				GCC_PREPROCESSOR_DEFINITIONS = (
					"DEBUG=1",
					"$(inherited)",
				);
				GCC_WARN_64_TO_32_BIT_CONVERSION = YES;
				GCC_WARN_ABOUT_RETURN_TYPE = YES_ERROR;
				GCC_WARN_UNDECLARED_SELECTOR = YES;
				GCC_WARN_UNINITIALIZED_AUTOS = YES_AGGRESSIVE;
				GCC_WARN_UNUSED_FUNCTION = YES;
				GCC_WARN_UNUSED_VARIABLE = YES;
				IPHONEOS_DEPLOYMENT_TARGET = 17.4;
				LOCALIZATION_PREFERS_STRING_CATALOGS = YES;
				MTL_ENABLE_DEBUG_INFO = INCLUDE_SOURCE;
				MTL_FAST_MATH = YES;
				ONLY_ACTIVE_ARCH = YES;
				SDKROOT = iphoneos;
				SWIFT_ACTIVE_COMPILATION_CONDITIONS = "DEBUG $(inherited)";
				SWIFT_OPTIMIZATION_LEVEL = "-Onone";
			};
			name = Debug;
		};
		161C2A6D2BC5C62200CF0686 /* Release */ = {
			isa = XCBuildConfiguration;
			buildSettings = {
				ALWAYS_SEARCH_USER_PATHS = NO;
				ASSETCATALOG_COMPILER_GENERATE_SWIFT_ASSET_SYMBOL_EXTENSIONS = YES;
				CLANG_ANALYZER_NONNULL = YES;
				CLANG_ANALYZER_NUMBER_OBJECT_CONVERSION = YES_AGGRESSIVE;
				CLANG_CXX_LANGUAGE_STANDARD = "gnu++20";
				CLANG_ENABLE_MODULES = YES;
				CLANG_ENABLE_OBJC_ARC = YES;
				CLANG_ENABLE_OBJC_WEAK = YES;
				CLANG_WARN_BLOCK_CAPTURE_AUTORELEASING = YES;
				CLANG_WARN_BOOL_CONVERSION = YES;
				CLANG_WARN_COMMA = YES;
				CLANG_WARN_CONSTANT_CONVERSION = YES;
				CLANG_WARN_DEPRECATED_OBJC_IMPLEMENTATIONS = YES;
				CLANG_WARN_DIRECT_OBJC_ISA_USAGE = YES_ERROR;
				CLANG_WARN_DOCUMENTATION_COMMENTS = YES;
				CLANG_WARN_EMPTY_BODY = YES;
				CLANG_WARN_ENUM_CONVERSION = YES;
				CLANG_WARN_INFINITE_RECURSION = YES;
				CLANG_WARN_INT_CONVERSION = YES;
				CLANG_WARN_NON_LITERAL_NULL_CONVERSION = YES;
				CLANG_WARN_OBJC_IMPLICIT_RETAIN_SELF = YES;
				CLANG_WARN_OBJC_LITERAL_CONVERSION = YES;
				CLANG_WARN_OBJC_ROOT_CLASS = YES_ERROR;
				CLANG_WARN_QUOTED_INCLUDE_IN_FRAMEWORK_HEADER = YES;
				CLANG_WARN_RANGE_LOOP_ANALYSIS = YES;
				CLANG_WARN_STRICT_PROTOTYPES = YES;
				CLANG_WARN_SUSPICIOUS_MOVE = YES;
				CLANG_WARN_UNGUARDED_AVAILABILITY = YES_AGGRESSIVE;
				CLANG_WARN_UNREACHABLE_CODE = YES;
				CLANG_WARN__DUPLICATE_METHOD_MATCH = YES;
				COPY_PHASE_STRIP = NO;
				DEBUG_INFORMATION_FORMAT = "dwarf-with-dsym";
				ENABLE_NS_ASSERTIONS = NO;
				ENABLE_STRICT_OBJC_MSGSEND = YES;
				ENABLE_USER_SCRIPT_SANDBOXING = YES;
				GCC_C_LANGUAGE_STANDARD = gnu17;
				GCC_NO_COMMON_BLOCKS = YES;
				GCC_WARN_64_TO_32_BIT_CONVERSION = YES;
				GCC_WARN_ABOUT_RETURN_TYPE = YES_ERROR;
				GCC_WARN_UNDECLARED_SELECTOR = YES;
				GCC_WARN_UNINITIALIZED_AUTOS = YES_AGGRESSIVE;
				GCC_WARN_UNUSED_FUNCTION = YES;
				GCC_WARN_UNUSED_VARIABLE = YES;
				IPHONEOS_DEPLOYMENT_TARGET = 17.4;
				LOCALIZATION_PREFERS_STRING_CATALOGS = YES;
				MTL_ENABLE_DEBUG_INFO = NO;
				MTL_FAST_MATH = YES;
				SDKROOT = iphoneos;
				SWIFT_COMPILATION_MODE = wholemodule;
				VALIDATE_PRODUCT = YES;
			};
			name = Release;
		};
		161C2A6F2BC5C62200CF0686 /* Debug */ = {
			isa = XCBuildConfiguration;
			buildSettings = {
				ASSETCATALOG_COMPILER_APPICON_NAME = AppIcon;
				ASSETCATALOG_COMPILER_GLOBAL_ACCENT_COLOR_NAME = AccentColor;
				CODE_SIGN_STYLE = Automatic;
				CURRENT_PROJECT_VERSION = 1;
				DEVELOPMENT_TEAM = D3V9R8J9N8;
				GENERATE_INFOPLIST_FILE = YES;
				INFOPLIST_FILE = RXSwiftVIPER/Info.plist;
				INFOPLIST_KEY_UIApplicationSupportsIndirectInputEvents = YES;
				INFOPLIST_KEY_UILaunchStoryboardName = LaunchScreen;
				INFOPLIST_KEY_UISupportedInterfaceOrientations_iPad = "UIInterfaceOrientationPortrait UIInterfaceOrientationPortraitUpsideDown UIInterfaceOrientationLandscapeLeft UIInterfaceOrientationLandscapeRight";
				INFOPLIST_KEY_UISupportedInterfaceOrientations_iPhone = "UIInterfaceOrientationPortrait UIInterfaceOrientationLandscapeLeft UIInterfaceOrientationLandscapeRight";
				LD_RUNPATH_SEARCH_PATHS = (
					"$(inherited)",
					"@executable_path/Frameworks",
				);
				MARKETING_VERSION = 1.0;
				PRODUCT_BUNDLE_IDENTIFIER = com.saideshovalisher.RXSwiftVIPER;
				PRODUCT_NAME = "$(TARGET_NAME)";
				SWIFT_EMIT_LOC_STRINGS = YES;
				SWIFT_VERSION = 5.0;
				TARGETED_DEVICE_FAMILY = "1,2";
			};
			name = Debug;
		};
		161C2A702BC5C62200CF0686 /* Release */ = {
			isa = XCBuildConfiguration;
			buildSettings = {
				ASSETCATALOG_COMPILER_APPICON_NAME = AppIcon;
				ASSETCATALOG_COMPILER_GLOBAL_ACCENT_COLOR_NAME = AccentColor;
				CODE_SIGN_STYLE = Automatic;
				CURRENT_PROJECT_VERSION = 1;
				DEVELOPMENT_TEAM = D3V9R8J9N8;
				GENERATE_INFOPLIST_FILE = YES;
				INFOPLIST_FILE = RXSwiftVIPER/Info.plist;
				INFOPLIST_KEY_UIApplicationSupportsIndirectInputEvents = YES;
				INFOPLIST_KEY_UILaunchStoryboardName = LaunchScreen;
				INFOPLIST_KEY_UISupportedInterfaceOrientations_iPad = "UIInterfaceOrientationPortrait UIInterfaceOrientationPortraitUpsideDown UIInterfaceOrientationLandscapeLeft UIInterfaceOrientationLandscapeRight";
				INFOPLIST_KEY_UISupportedInterfaceOrientations_iPhone = "UIInterfaceOrientationPortrait UIInterfaceOrientationLandscapeLeft UIInterfaceOrientationLandscapeRight";
				LD_RUNPATH_SEARCH_PATHS = (
					"$(inherited)",
					"@executable_path/Frameworks",
				);
				MARKETING_VERSION = 1.0;
				PRODUCT_BUNDLE_IDENTIFIER = com.saideshovalisher.RXSwiftVIPER;
				PRODUCT_NAME = "$(TARGET_NAME)";
				SWIFT_EMIT_LOC_STRINGS = YES;
				SWIFT_VERSION = 5.0;
				TARGETED_DEVICE_FAMILY = "1,2";
			};
			name = Release;
		};
/* End XCBuildConfiguration section */

/* Begin XCConfigurationList section */
		161C2A552BC5C61F00CF0686 /* Build configuration list for PBXProject "RXSwiftVIPER" */ = {
			isa = XCConfigurationList;
			buildConfigurations = (
				161C2A6C2BC5C62200CF0686 /* Debug */,
				161C2A6D2BC5C62200CF0686 /* Release */,
			);
			defaultConfigurationIsVisible = 0;
			defaultConfigurationName = Release;
		};
		161C2A6E2BC5C62200CF0686 /* Build configuration list for PBXNativeTarget "RXSwiftVIPER" */ = {
			isa = XCConfigurationList;
			buildConfigurations = (
				161C2A6F2BC5C62200CF0686 /* Debug */,
				161C2A702BC5C62200CF0686 /* Release */,
			);
			defaultConfigurationIsVisible = 0;
			defaultConfigurationName = Release;
		};
/* End XCConfigurationList section */

/* Begin XCRemoteSwiftPackageReference section */
		16FB9AB62BCD2E780062044A /* XCRemoteSwiftPackageReference "RxSwift" */ = {
			isa = XCRemoteSwiftPackageReference;
			repositoryURL = "https://github.com/ReactiveX/RxSwift.git";
			requirement = {
				kind = upToNextMajorVersion;
				minimumVersion = 6.6.0;
			};
		};
/* End XCRemoteSwiftPackageReference section */

/* Begin XCSwiftPackageProductDependency section */
		16FB9AB72BCD2E780062044A /* RxBlocking */ = {
			isa = XCSwiftPackageProductDependency;
			package = 16FB9AB62BCD2E780062044A /* XCRemoteSwiftPackageReference "RxSwift" */;
			productName = RxBlocking;
		};
		16FB9AB92BCD2E780062044A /* RxBlocking-Dynamic */ = {
			isa = XCSwiftPackageProductDependency;
			package = 16FB9AB62BCD2E780062044A /* XCRemoteSwiftPackageReference "RxSwift" */;
			productName = "RxBlocking-Dynamic";
		};
		16FB9ABB2BCD2E780062044A /* RxCocoa */ = {
			isa = XCSwiftPackageProductDependency;
			package = 16FB9AB62BCD2E780062044A /* XCRemoteSwiftPackageReference "RxSwift" */;
			productName = RxCocoa;
		};
		16FB9ABD2BCD2E780062044A /* RxCocoa-Dynamic */ = {
			isa = XCSwiftPackageProductDependency;
			package = 16FB9AB62BCD2E780062044A /* XCRemoteSwiftPackageReference "RxSwift" */;
			productName = "RxCocoa-Dynamic";
		};
		16FB9ABF2BCD2E780062044A /* RxRelay */ = {
			isa = XCSwiftPackageProductDependency;
			package = 16FB9AB62BCD2E780062044A /* XCRemoteSwiftPackageReference "RxSwift" */;
			productName = RxRelay;
		};
/* End XCSwiftPackageProductDependency section */
	};
	rootObject = 161C2A522BC5C61F00CF0686 /* Project object */;
}
